
Microsoft Visual Studio Solution File, Format Version 12.00
# Visual Studio 15
VisualStudioVersion = 15.0.27703.2042
MinimumVisualStudioVersion = 10.0.40219.1
Project("{FAE04EC0-301F-11D3-BF4B-00C04F79EFBC}") = "app", "app\app.csproj", "{4EF7D5A3-180C-4810-BDE9-42529AB09E40}"
EndProject
Global
	GlobalSection(SolutionConfigurationPlatforms) = preSolution
		Debug|Any CPU = Debug|Any CPU
		Release|Any CPU = Release|Any CPU
	EndGlobalSection
	GlobalSection(ProjectConfigurationPlatforms) = postSolution
		{4EF7D5A3-180C-4810-BDE9-42529AB09E40}.Debug|Any CPU.ActiveCfg = Debug|Any CPU
		{4EF7D5A3-180C-4810-BDE9-42529AB09E40}.Debug|Any CPU.Build.0 = Debug|Any CPU
		{4EF7D5A3-180C-4810-BDE9-42529AB09E40}.Debug|Any CPU.Deploy.0 = Debug|Any CPU
		{4EF7D5A3-180C-4810-BDE9-42529AB09E40}.Release|Any CPU.ActiveCfg = Release|Any CPU
		{4EF7D5A3-180C-4810-BDE9-42529AB09E40}.Release|Any CPU.Build.0 = Release|Any CPU
		{4EF7D5A3-180C-4810-BDE9-42529AB09E40}.Release|Any CPU.Deploy.0 = Release|Any CPU
	EndGlobalSection
	GlobalSection(SolutionProperties) = preSolution
		HideSolutionNode = FALSE
	EndGlobalSection
	GlobalSection(ExtensibilityGlobals) = postSolution
		SolutionGuid = {CFA7B034-610A-4A0A-8121-AC9BCE644D2E}
	EndGlobalSection
EndGlobal
